// !$*UTF8*$!
{
	archiveVersion = 1;
	classes = {
	};
	objectVersion = 50;
	objects = {

/* Begin PBXBuildFile section */
		7013306721A9A187004CAAF8 /* AppDelegate.swift in Sources */ = {isa = PBXBuildFile; fileRef = 7013306621A9A187004CAAF8 /* AppDelegate.swift */; };
		7013306921A9A187004CAAF8 /* ViewController.swift in Sources */ = {isa = PBXBuildFile; fileRef = 7013306821A9A187004CAAF8 /* ViewController.swift */; };
		7013306C21A9A187004CAAF8 /* Main.storyboard in Resources */ = {isa = PBXBuildFile; fileRef = 7013306A21A9A187004CAAF8 /* Main.storyboard */; };
		7013306E21A9A188004CAAF8 /* Assets.xcassets in Resources */ = {isa = PBXBuildFile; fileRef = 7013306D21A9A188004CAAF8 /* Assets.xcassets */; };
		7013307121A9A188004CAAF8 /* LaunchScreen.storyboard in Resources */ = {isa = PBXBuildFile; fileRef = 7013306F21A9A188004CAAF8 /* LaunchScreen.storyboard */; };
		7013307C21A9A188004CAAF8 /* single_view_appTests.swift in Sources */ = {isa = PBXBuildFile; fileRef = 7013307B21A9A188004CAAF8 /* single_view_appTests.swift */; };
		7013308721A9A188004CAAF8 /* single_view_appUITests.swift in Sources */ = {isa = PBXBuildFile; fileRef = 7013308621A9A188004CAAF8 /* single_view_appUITests.swift */; };
/* End PBXBuildFile section */

/* Begin PBXContainerItemProxy section */
		7013307821A9A188004CAAF8 /* PBXContainerItemProxy */ = {
			isa = PBXContainerItemProxy;
			containerPortal = 7013305B21A9A186004CAAF8 /* Project object */;
			proxyType = 1;
			remoteGlobalIDString = 7013306221A9A187004CAAF8;
			remoteInfo = "single view app";
		};
		7013308321A9A188004CAAF8 /* PBXContainerItemProxy */ = {
			isa = PBXContainerItemProxy;
			containerPortal = 7013305B21A9A186004CAAF8 /* Project object */;
			proxyType = 1;
			remoteGlobalIDString = 7013306221A9A187004CAAF8;
			remoteInfo = "single view app";
		};
/* End PBXContainerItemProxy section */

/* Begin PBXFileReference section */
		7013306321A9A187004CAAF8 /* single view app.app */ = {isa = PBXFileReference; explicitFileType = wrapper.application; includeInIndex = 0; path = "single view app.app"; sourceTree = BUILT_PRODUCTS_DIR; };
		7013306621A9A187004CAAF8 /* AppDelegate.swift */ = {isa = PBXFileReference; lastKnownFileType = sourcecode.swift; path = AppDelegate.swift; sourceTree = "<group>"; };
		7013306821A9A187004CAAF8 /* ViewController.swift */ = {isa = PBXFileReference; fileEncoding = 4; lastKnownFileType = sourcecode.swift; path = ViewController.swift; sourceTree = "<group>"; };
		7013306B21A9A187004CAAF8 /* Base */ = {isa = PBXFileReference; lastKnownFileType = file.storyboard; name = Base; path = Base.lproj/Main.storyboard; sourceTree = "<group>"; };
		7013306D21A9A188004CAAF8 /* Assets.xcassets */ = {isa = PBXFileReference; lastKnownFileType = folder.assetcatalog; path = Assets.xcassets; sourceTree = "<group>"; };
		7013307021A9A188004CAAF8 /* Base */ = {isa = PBXFileReference; lastKnownFileType = file.storyboard; name = Base; path = Base.lproj/LaunchScreen.storyboard; sourceTree = "<group>"; };
		7013307221A9A188004CAAF8 /* Info.plist */ = {isa = PBXFileReference; lastKnownFileType = text.plist.xml; path = Info.plist; sourceTree = "<group>"; };
		7013307721A9A188004CAAF8 /* single view appTests.xctest */ = {isa = PBXFileReference; explicitFileType = wrapper.cfbundle; includeInIndex = 0; path = "single view appTests.xctest"; sourceTree = BUILT_PRODUCTS_DIR; };
		7013307B21A9A188004CAAF8 /* single_view_appTests.swift */ = {isa = PBXFileReference; lastKnownFileType = sourcecode.swift; path = single_view_appTests.swift; sourceTree = "<group>"; };
		7013307D21A9A188004CAAF8 /* Info.plist */ = {isa = PBXFileReference; lastKnownFileType = text.plist.xml; path = Info.plist; sourceTree = "<group>"; };
		7013308221A9A188004CAAF8 /* single view appUITests.xctest */ = {isa = PBXFileReference; explicitFileType = wrapper.cfbundle; includeInIndex = 0; path = "single view appUITests.xctest"; sourceTree = BUILT_PRODUCTS_DIR; };
		7013308621A9A188004CAAF8 /* single_view_appUITests.swift */ = {isa = PBXFileReference; lastKnownFileType = sourcecode.swift; path = single_view_appUITests.swift; sourceTree = "<group>"; };
		7013308821A9A188004CAAF8 /* Info.plist */ = {isa = PBXFileReference; lastKnownFileType = text.plist.xml; path = Info.plist; sourceTree = "<group>"; };
/* End PBXFileReference section */

/* Begin PBXFrameworksBuildPhase section */
		7013306021A9A187004CAAF8 /* Frameworks */ = {
			isa = PBXFrameworksBuildPhase;
			buildActionMask = 2147483647;
			files = (
			);
			runOnlyForDeploymentPostprocessing = 0;
		};
		7013307421A9A188004CAAF8 /* Frameworks */ = {
			isa = PBXFrameworksBuildPhase;
			buildActionMask = 2147483647;
			files = (
			);
			runOnlyForDeploymentPostprocessing = 0;
		};
		7013307F21A9A188004CAAF8 /* Frameworks */ = {
			isa = PBXFrameworksBuildPhase;
			buildActionMask = 2147483647;
			files = (
			);
			runOnlyForDeploymentPostprocessing = 0;
		};
/* End PBXFrameworksBuildPhase section */

/* Begin PBXGroup section */
		7013305A21A9A186004CAAF8 = {
			isa = PBXGroup;
			children = (
				7013306521A9A187004CAAF8 /* single view app */,
				7013307A21A9A188004CAAF8 /* single view appTests */,
				7013308521A9A188004CAAF8 /* single view appUITests */,
				7013306421A9A187004CAAF8 /* Products */,
			);
			sourceTree = "<group>";
		};
		7013306421A9A187004CAAF8 /* Products */ = {
			isa = PBXGroup;
			children = (
				7013306321A9A187004CAAF8 /* single view app.app */,
				7013307721A9A188004CAAF8 /* single view appTests.xctest */,
				7013308221A9A188004CAAF8 /* single view appUITests.xctest */,
			);
			name = Products;
			sourceTree = "<group>";
		};
		7013306521A9A187004CAAF8 /* single view app */ = {
			isa = PBXGroup;
			children = (
				7013306621A9A187004CAAF8 /* AppDelegate.swift */,
				7013306821A9A187004CAAF8 /* ViewController.swift */,
				7013306A21A9A187004CAAF8 /* Main.storyboard */,
				7013306D21A9A188004CAAF8 /* Assets.xcassets */,
				7013306F21A9A188004CAAF8 /* LaunchScreen.storyboard */,
				7013307221A9A188004CAAF8 /* Info.plist */,
			);
			path = "single view app";
			sourceTree = "<group>";
		};
		7013307A21A9A188004CAAF8 /* single view appTests */ = {
			isa = PBXGroup;
			children = (
				7013307B21A9A188004CAAF8 /* single_view_appTests.swift */,
				7013307D21A9A188004CAAF8 /* Info.plist */,
			);
			path = "single view appTests";
			sourceTree = "<group>";
		};
		7013308521A9A188004CAAF8 /* single view appUITests */ = {
			isa = PBXGroup;
			children = (
				7013308621A9A188004CAAF8 /* single_view_appUITests.swift */,
				7013308821A9A188004CAAF8 /* Info.plist */,
			);
			path = "single view appUITests";
			sourceTree = "<group>";
		};
/* End PBXGroup section */

/* Begin PBXNativeTarget section */
		7013306221A9A187004CAAF8 /* single view app */ = {
			isa = PBXNativeTarget;
			buildConfigurationList = 7013308B21A9A188004CAAF8 /* Build configuration list for PBXNativeTarget "single view app" */;
			buildPhases = (
				7013305F21A9A187004CAAF8 /* Sources */,
				7013306021A9A187004CAAF8 /* Frameworks */,
				7013306121A9A187004CAAF8 /* Resources */,
			);
			buildRules = (
			);
			dependencies = (
			);
			name = "single view app";
			productName = "single view app";
			productReference = 7013306321A9A187004CAAF8 /* single view app.app */;
			productType = "com.apple.product-type.application";
		};
		7013307621A9A188004CAAF8 /* single view appTests */ = {
			isa = PBXNativeTarget;
			buildConfigurationList = 7013308E21A9A188004CAAF8 /* Build configuration list for PBXNativeTarget "single view appTests" */;
			buildPhases = (
				7013307321A9A188004CAAF8 /* Sources */,
				7013307421A9A188004CAAF8 /* Frameworks */,
				7013307521A9A188004CAAF8 /* Resources */,
			);
			buildRules = (
			);
			dependencies = (
				7013307921A9A188004CAAF8 /* PBXTargetDependency */,
			);
			name = "single view appTests";
			productName = "single view appTests";
			productReference = 7013307721A9A188004CAAF8 /* single view appTests.xctest */;
			productType = "com.apple.product-type.bundle.unit-test";
		};
		7013308121A9A188004CAAF8 /* single view appUITests */ = {
			isa = PBXNativeTarget;
			buildConfigurationList = 7013309121A9A188004CAAF8 /* Build configuration list for PBXNativeTarget "single view appUITests" */;
			buildPhases = (
				7013307E21A9A188004CAAF8 /* Sources */,
				7013307F21A9A188004CAAF8 /* Frameworks */,
				7013308021A9A188004CAAF8 /* Resources */,
			);
			buildRules = (
			);
			dependencies = (
				7013308421A9A188004CAAF8 /* PBXTargetDependency */,
			);
			name = "single view appUITests";
			productName = "single view appUITests";
			productReference = 7013308221A9A188004CAAF8 /* single view appUITests.xctest */;
			productType = "com.apple.product-type.bundle.ui-testing";
		};
/* End PBXNativeTarget section */

/* Begin PBXProject section */
		7013305B21A9A186004CAAF8 /* Project object */ = {
			isa = PBXProject;
			attributes = {
				LastSwiftUpdateCheck = 1010;
				LastUpgradeCheck = 1010;
				ORGANIZATIONNAME = webgeeker;
				TargetAttributes = {
					7013306221A9A187004CAAF8 = {
						CreatedOnToolsVersion = 10.1;
					};
					7013307621A9A188004CAAF8 = {
						CreatedOnToolsVersion = 10.1;
						TestTargetID = 7013306221A9A187004CAAF8;
					};
					7013308121A9A188004CAAF8 = {
						CreatedOnToolsVersion = 10.1;
						TestTargetID = 7013306221A9A187004CAAF8;
					};
				};
			};
			buildConfigurationList = 7013305E21A9A186004CAAF8 /* Build configuration list for PBXProject "single view app" */;
			compatibilityVersion = "Xcode 9.3";
			developmentRegion = en;
			hasScannedForEncodings = 0;
			knownRegions = (
				en,
				Base,
			);
			mainGroup = 7013305A21A9A186004CAAF8;
			productRefGroup = 7013306421A9A187004CAAF8 /* Products */;
			projectDirPath = "";
			projectRoot = "";
			targets = (
				7013306221A9A187004CAAF8 /* single view app */,
				7013307621A9A188004CAAF8 /* single view appTests */,
				7013308121A9A188004CAAF8 /* single view appUITests */,
			);
		};
/* End PBXProject section */

/* Begin PBXResourcesBuildPhase section */
		7013306121A9A187004CAAF8 /* Resources */ = {
			isa = PBXResourcesBuildPhase;
			buildActionMask = 2147483647;
			files = (
				7013307121A9A188004CAAF8 /* LaunchScreen.storyboard in Resources */,
				7013306E21A9A188004CAAF8 /* Assets.xcassets in Resources */,
				7013306C21A9A187004CAAF8 /* Main.storyboard in Resources */,
			);
			runOnlyForDeploymentPostprocessing = 0;
		};
		7013307521A9A188004CAAF8 /* Resources */ = {
			isa = PBXResourcesBuildPhase;
			buildActionMask = 2147483647;
			files = (
			);
			runOnlyForDeploymentPostprocessing = 0;
		};
		7013308021A9A188004CAAF8 /* Resources */ = {
			isa = PBXResourcesBuildPhase;
			buildActionMask = 2147483647;
			files = (
			);
			runOnlyForDeploymentPostprocessing = 0;
		};
/* End PBXResourcesBuildPhase section */

/* Begin PBXSourcesBuildPhase section */
		7013305F21A9A187004CAAF8 /* Sources */ = {
			isa = PBXSourcesBuildPhase;
			buildActionMask = 2147483647;
			files = (
				7013306921A9A187004CAAF8 /* ViewController.swift in Sources */,
				7013306721A9A187004CAAF8 /* AppDelegate.swift in Sources */,
			);
			runOnlyForDeploymentPostprocessing = 0;
		};
		7013307321A9A188004CAAF8 /* Sources */ = {
			isa = PBXSourcesBuildPhase;
			buildActionMask = 2147483647;
			files = (
				7013307C21A9A188004CAAF8 /* single_view_appTests.swift in Sources */,
			);
			runOnlyForDeploymentPostprocessing = 0;
		};
		7013307E21A9A188004CAAF8 /* Sources */ = {
			isa = PBXSourcesBuildPhase;
			buildActionMask = 2147483647;
			files = (
				7013308721A9A188004CAAF8 /* single_view_appUITests.swift in Sources */,
			);
			runOnlyForDeploymentPostprocessing = 0;
		};
/* End PBXSourcesBuildPhase section */

/* Begin PBXTargetDependency section */
		7013307921A9A188004CAAF8 /* PBXTargetDependency */ = {
			isa = PBXTargetDependency;
			target = 7013306221A9A187004CAAF8 /* single view app */;
			targetProxy = 7013307821A9A188004CAAF8 /* PBXContainerItemProxy */;
		};
		7013308421A9A188004CAAF8 /* PBXTargetDependency */ = {
			isa = PBXTargetDependency;
			target = 7013306221A9A187004CAAF8 /* single view app */;
			targetProxy = 7013308321A9A188004CAAF8 /* PBXContainerItemProxy */;
		};
/* End PBXTargetDependency section */

/* Begin PBXVariantGroup section */
		7013306A21A9A187004CAAF8 /* Main.storyboard */ = {
			isa = PBXVariantGroup;
			children = (
				7013306B21A9A187004CAAF8 /* Base */,
			);
			name = Main.storyboard;
			sourceTree = "<group>";
		};
		7013306F21A9A188004CAAF8 /* LaunchScreen.storyboard */ = {
			isa = PBXVariantGroup;
			children = (
				7013307021A9A188004CAAF8 /* Base */,
			);
			name = LaunchScreen.storyboard;
			sourceTree = "<group>";
		};
/* End PBXVariantGroup section */

/* Begin XCBuildConfiguration section */
		7013308921A9A188004CAAF8 /* Debug */ = {
			isa = XCBuildConfiguration;
			buildSettings = {
				ALWAYS_SEARCH_USER_PATHS = NO;
				CLANG_ANALYZER_NONNULL = YES;
				CLANG_ANALYZER_NUMBER_OBJECT_CONVERSION = YES_AGGRESSIVE;
				CLANG_CXX_LANGUAGE_STANDARD = "gnu++14";
				CLANG_CXX_LIBRARY = "libc++";
				CLANG_ENABLE_MODULES = YES;
				CLANG_ENABLE_OBJC_ARC = YES;
				CLANG_ENABLE_OBJC_WEAK = YES;
				CLANG_WARN_BLOCK_CAPTURE_AUTORELEASING = YES;
				CLANG_WARN_BOOL_CONVERSION = YES;
				CLANG_WARN_COMMA = YES;
				CLANG_WARN_CONSTANT_CONVERSION = YES;
				CLANG_WARN_DEPRECATED_OBJC_IMPLEMENTATIONS = YES;
				CLANG_WARN_DIRECT_OBJC_ISA_USAGE = YES_ERROR;
				CLANG_WARN_DOCUMENTATION_COMMENTS = YES;
				CLANG_WARN_EMPTY_BODY = YES;
				CLANG_WARN_ENUM_CONVERSION = YES;
				CLANG_WARN_INFINITE_RECURSION = YES;
				CLANG_WARN_INT_CONVERSION = YES;
				CLANG_WARN_NON_LITERAL_NULL_CONVERSION = YES;
				CLANG_WARN_OBJC_IMPLICIT_RETAIN_SELF = YES;
				CLANG_WARN_OBJC_LITERAL_CONVERSION = YES;
				CLANG_WARN_OBJC_ROOT_CLASS = YES_ERROR;
				CLANG_WARN_RANGE_LOOP_ANALYSIS = YES;
				CLANG_WARN_STRICT_PROTOTYPES = YES;
				CLANG_WARN_SUSPICIOUS_MOVE = YES;
				CLANG_WARN_UNGUARDED_AVAILABILITY = YES_AGGRESSIVE;
				CLANG_WARN_UNREACHABLE_CODE = YES;
				CLANG_WARN__DUPLICATE_METHOD_MATCH = YES;
				CODE_SIGN_IDENTITY = "iPhone Developer";
				COPY_PHASE_STRIP = NO;
				DEBUG_INFORMATION_FORMAT = dwarf;
				ENABLE_STRICT_OBJC_MSGSEND = YES;
				ENABLE_TESTABILITY = YES;
				GCC_C_LANGUAGE_STANDARD = gnu11;
				GCC_DYNAMIC_NO_PIC = NO;
				GCC_NO_COMMON_BLOCKS = YES;
				GCC_OPTIMIZATION_LEVEL = 0;
				GCC_PREPROCESSOR_DEFINITIONS = (
					"DEBUG=1",
					"$(inherited)",
				);
				GCC_WARN_64_TO_32_BIT_CONVERSION = YES;
				GCC_WARN_ABOUT_RETURN_TYPE = YES_ERROR;
				GCC_WARN_UNDECLARED_SELECTOR = YES;
				GCC_WARN_UNINITIALIZED_AUTOS = YES_AGGRESSIVE;
				GCC_WARN_UNUSED_FUNCTION = YES;
				GCC_WARN_UNUSED_VARIABLE = YES;
				IPHONEOS_DEPLOYMENT_TARGET = 12.1;
				MTL_ENABLE_DEBUG_INFO = INCLUDE_SOURCE;
				MTL_FAST_MATH = YES;
				ONLY_ACTIVE_ARCH = YES;
				SDKROOT = iphoneos;
				SWIFT_ACTIVE_COMPILATION_CONDITIONS = DEBUG;
				SWIFT_OPTIMIZATION_LEVEL = "-Onone";
			};
			name = Debug;
		};
		7013308A21A9A188004CAAF8 /* Release */ = {
			isa = XCBuildConfiguration;
			buildSettings = {
				ALWAYS_SEARCH_USER_PATHS = NO;
				CLANG_ANALYZER_NONNULL = YES;
				CLANG_ANALYZER_NUMBER_OBJECT_CONVERSION = YES_AGGRESSIVE;
				CLANG_CXX_LANGUAGE_STANDARD = "gnu++14";
				CLANG_CXX_LIBRARY = "libc++";
				CLANG_ENABLE_MODULES = YES;
				CLANG_ENABLE_OBJC_ARC = YES;
				CLANG_ENABLE_OBJC_WEAK = YES;
				CLANG_WARN_BLOCK_CAPTURE_AUTORELEASING = YES;
				CLANG_WARN_BOOL_CONVERSION = YES;
				CLANG_WARN_COMMA = YES;
				CLANG_WARN_CONSTANT_CONVERSION = YES;
				CLANG_WARN_DEPRECATED_OBJC_IMPLEMENTATIONS = YES;
				CLANG_WARN_DIRECT_OBJC_ISA_USAGE = YES_ERROR;
				CLANG_WARN_DOCUMENTATION_COMMENTS = YES;
				CLANG_WARN_EMPTY_BODY = YES;
				CLANG_WARN_ENUM_CONVERSION = YES;
				CLANG_WARN_INFINITE_RECURSION = YES;
				CLANG_WARN_INT_CONVERSION = YES;
				CLANG_WARN_NON_LITERAL_NULL_CONVERSION = YES;
				CLANG_WARN_OBJC_IMPLICIT_RETAIN_SELF = YES;
				CLANG_WARN_OBJC_LITERAL_CONVERSION = YES;
				CLANG_WARN_OBJC_ROOT_CLASS = YES_ERROR;
				CLANG_WARN_RANGE_LOOP_ANALYSIS = YES;
				CLANG_WARN_STRICT_PROTOTYPES = YES;
				CLANG_WARN_SUSPICIOUS_MOVE = YES;
				CLANG_WARN_UNGUARDED_AVAILABILITY = YES_AGGRESSIVE;
				CLANG_WARN_UNREACHABLE_CODE = YES;
				CLANG_WARN__DUPLICATE_METHOD_MATCH = YES;
				CODE_SIGN_IDENTITY = "iPhone Developer";
				COPY_PHASE_STRIP = NO;
				DEBUG_INFORMATION_FORMAT = "dwarf-with-dsym";
				ENABLE_NS_ASSERTIONS = NO;
				ENABLE_STRICT_OBJC_MSGSEND = YES;
				GCC_C_LANGUAGE_STANDARD = gnu11;
				GCC_NO_COMMON_BLOCKS = YES;
				GCC_WARN_64_TO_32_BIT_CONVERSION = YES;
				GCC_WARN_ABOUT_RETURN_TYPE = YES_ERROR;
				GCC_WARN_UNDECLARED_SELECTOR = YES;
				GCC_WARN_UNINITIALIZED_AUTOS = YES_AGGRESSIVE;
				GCC_WARN_UNUSED_FUNCTION = YES;
				GCC_WARN_UNUSED_VARIABLE = YES;
				IPHONEOS_DEPLOYMENT_TARGET = 12.1;
				MTL_ENABLE_DEBUG_INFO = NO;
				MTL_FAST_MATH = YES;
				SDKROOT = iphoneos;
				SWIFT_COMPILATION_MODE = wholemodule;
				SWIFT_OPTIMIZATION_LEVEL = "-O";
				VALIDATE_PRODUCT = YES;
			};
			name = Release;
		};
		7013308C21A9A188004CAAF8 /* Debug */ = {
			isa = XCBuildConfiguration;
			buildSettings = {
				ASSETCATALOG_COMPILER_APPICON_NAME = AppIcon;
				CODE_SIGN_STYLE = Automatic;
				INFOPLIST_FILE = "single view app/Info.plist";
				LD_RUNPATH_SEARCH_PATHS = (
					"$(inherited)",
					"@executable_path/Frameworks",
				);
				PRODUCT_BUNDLE_IDENTIFIER = "com.xgqfrms.single-view-app";
				PRODUCT_NAME = "$(TARGET_NAME)";
				SWIFT_VERSION = 4.2;
				TARGETED_DEVICE_FAMILY = "1,2";
			};
			name = Debug;
		};
		7013308D21A9A188004CAAF8 /* Release */ = {
			isa = XCBuildConfiguration;
			buildSettings = {
				ASSETCATALOG_COMPILER_APPICON_NAME = AppIcon;
				CODE_SIGN_STYLE = Automatic;
				INFOPLIST_FILE = "single view app/Info.plist";
				LD_RUNPATH_SEARCH_PATHS = (
					"$(inherited)",
					"@executable_path/Frameworks",
				);
				PRODUCT_BUNDLE_IDENTIFIER = "com.xgqfrms.single-view-app";
				PRODUCT_NAME = "$(TARGET_NAME)";
				SWIFT_VERSION = 4.2;
				TARGETED_DEVICE_FAMILY = "1,2";
			};
			name = Release;
		};
		7013308F21A9A188004CAAF8 /* Debug */ = {
			isa = XCBuildConfiguration;
			buildSettings = {
				ALWAYS_EMBED_SWIFT_STANDARD_LIBRARIES = YES;
				BUNDLE_LOADER = "$(TEST_HOST)";
				CODE_SIGN_STYLE = Automatic;
				INFOPLIST_FILE = "single view appTests/Info.plist";
				LD_RUNPATH_SEARCH_PATHS = (
					"$(inherited)",
					"@executable_path/Frameworks",
					"@loader_path/Frameworks",
				);
				PRODUCT_BUNDLE_IDENTIFIER = "com.xgqfrms.single-view-appTests";
				PRODUCT_NAME = "$(TARGET_NAME)";
				SWIFT_VERSION = 4.2;
				TARGETED_DEVICE_FAMILY = "1,2";
				TEST_HOST = "$(BUILT_PRODUCTS_DIR)/single view app.app/single view app";
			};
			name = Debug;
		};
		7013309021A9A188004CAAF8 /* Release */ = {
			isa = XCBuildConfiguration;
			buildSettings = {
				ALWAYS_EMBED_SWIFT_STANDARD_LIBRARIES = YES;
				BUNDLE_LOADER = "$(TEST_HOST)";
				CODE_SIGN_STYLE = Automatic;
				INFOPLIST_FILE = "single view appTests/Info.plist";
				LD_RUNPATH_SEARCH_PATHS = (
					"$(inherited)",
					"@executable_path/Frameworks",
					"@loader_path/Frameworks",
				);
				PRODUCT_BUNDLE_IDENTIFIER = "com.xgqfrms.single-view-appTests";
				PRODUCT_NAME = "$(TARGET_NAME)";
				SWIFT_VERSION = 4.2;
				TARGETED_DEVICE_FAMILY = "1,2";
				TEST_HOST = "$(BUILT_PRODUCTS_DIR)/single view app.app/single view app";
			};
			name = Release;
		};
		7013309221A9A188004CAAF8 /* Debug */ = {
			isa = XCBuildConfiguration;
			buildSettings = {
				ALWAYS_EMBED_SWIFT_STANDARD_LIBRARIES = YES;
				CODE_SIGN_STYLE = Automatic;
				INFOPLIST_FILE = "single view appUITests/Info.plist";
				LD_RUNPATH_SEARCH_PATHS = (
					"$(inherited)",
					"@executable_path/Frameworks",
					"@loader_path/Frameworks",
				);
				PRODUCT_BUNDLE_IDENTIFIER = "com.xgqfrms.single-view-appUITests";
				PRODUCT_NAME = "$(TARGET_NAME)";
				SWIFT_VERSION = 4.2;
				TARGETED_DEVICE_FAMILY = "1,2";
				TEST_TARGET_NAME = "single view app";
			};
			name = Debug;
		};
		7013309321A9A188004CAAF8 /* Release */ = {
			isa = XCBuildConfiguration;
			buildSettings = {
				ALWAYS_EMBED_SWIFT_STANDARD_LIBRARIES = YES;
				CODE_SIGN_STYLE = Automatic;
				INFOPLIST_FILE = "single view appUITests/Info.plist";
				LD_RUNPATH_SEARCH_PATHS = (
					"$(inherited)",
					"@executable_path/Frameworks",
					"@loader_path/Frameworks",
				);
				PRODUCT_BUNDLE_IDENTIFIER = "com.xgqfrms.single-view-appUITests";
				PRODUCT_NAME = "$(TARGET_NAME)";
				SWIFT_VERSION = 4.2;
				TARGETED_DEVICE_FAMILY = "1,2";
				TEST_TARGET_NAME = "single view app";
			};
			name = Release;
		};
/* End XCBuildConfiguration section */

/* Begin XCConfigurationList section */
		7013305E21A9A186004CAAF8 /* Build configuration list for PBXProject "single view app" */ = {
			isa = XCConfigurationList;
			buildConfigurations = (
				7013308921A9A188004CAAF8 /* Debug */,
				7013308A21A9A188004CAAF8 /* Release */,
			);
			defaultConfigurationIsVisible = 0;
			defaultConfigurationName = Release;
		};
		7013308B21A9A188004CAAF8 /* Build configuration list for PBXNativeTarget "single view app" */ = {
			isa = XCConfigurationList;
			buildConfigurations = (
				7013308C21A9A188004CAAF8 /* Debug */,
				7013308D21A9A188004CAAF8 /* Release */,
			);
			defaultConfigurationIsVisible = 0;
			defaultConfigurationName = Release;
		};
		7013308E21A9A188004CAAF8 /* Build configuration list for PBXNativeTarget "single view appTests" */ = {
			isa = XCConfigurationList;
			buildConfigurations = (
				7013308F21A9A188004CAAF8 /* Debug */,
				7013309021A9A188004CAAF8 /* Release */,
			);
			defaultConfigurationIsVisible = 0;
			defaultConfigurationName = Release;
		};
		7013309121A9A188004CAAF8 /* Build configuration list for PBXNativeTarget "single view appUITests" */ = {
			isa = XCConfigurationList;
			buildConfigurations = (
				7013309221A9A188004CAAF8 /* Debug */,
				7013309321A9A188004CAAF8 /* Release */,
			);
			defaultConfigurationIsVisible = 0;
			defaultConfigurationName = Release;
		};
/* End XCConfigurationList section */
	};
	rootObject = 7013305B21A9A186004CAAF8 /* Project object */;
}
